// !$*UTF8*$!
{
	archiveVersion = 1;
	classes = {
	};
	objectVersion = 56;
	objects = {

/* Begin PBXBuildFile section */
		812B5D932AE957A80065177C /* SplitViewWithStack.swift in Sources */ = {isa = PBXBuildFile; fileRef = 812B5D922AE957A80065177C /* SplitViewWithStack.swift */; };
		817AD5832AE01FD200CF96A4 /* RealityKitContent in Frameworks */ = {isa = PBXBuildFile; productRef = 817AD5822AE01FD200CF96A4 /* RealityKitContent */; };
		817AD5852AE01FD200CF96A4 /* master_detailApp.swift in Sources */ = {isa = PBXBuildFile; fileRef = 817AD5842AE01FD200CF96A4 /* master_detailApp.swift */; };
		817AD5872AE01FD200CF96A4 /* ContentView.swift in Sources */ = {isa = PBXBuildFile; fileRef = 817AD5862AE01FD200CF96A4 /* ContentView.swift */; };
		817AD5892AE01FD500CF96A4 /* Assets.xcassets in Resources */ = {isa = PBXBuildFile; fileRef = 817AD5882AE01FD500CF96A4 /* Assets.xcassets */; };
		817AD58C2AE01FD500CF96A4 /* Preview Assets.xcassets in Resources */ = {isa = PBXBuildFile; fileRef = 817AD58B2AE01FD500CF96A4 /* Preview Assets.xcassets */; };
		817AD5942AE0243D00CF96A4 /* MenuItem.swift in Sources */ = {isa = PBXBuildFile; fileRef = 817AD5932AE0243D00CF96A4 /* MenuItem.swift */; };
		817AD5962AE0246B00CF96A4 /* CoffeeEquipmentModel.swift in Sources */ = {isa = PBXBuildFile; fileRef = 817AD5952AE0246B00CF96A4 /* CoffeeEquipmentModel.swift */; };
		817C03F32AEC7D78007D8488 /* ProgressStepView.swift in Sources */ = {isa = PBXBuildFile; fileRef = 817C03F22AEC7D78007D8488 /* ProgressStepView.swift */; };
		817C03F62AF00196007D8488 /* MenuItemDetail.swift in Sources */ = {isa = PBXBuildFile; fileRef = 817C03F52AF00196007D8488 /* MenuItemDetail.swift */; };
		81B4F9352AE813D6002D4CB1 /* TwoColumnSplitView.swift in Sources */ = {isa = PBXBuildFile; fileRef = 81B4F9342AE813D6002D4CB1 /* TwoColumnSplitView.swift */; };
/* End PBXBuildFile section */

/* Begin PBXFileReference section */
		812B5D922AE957A80065177C /* SplitViewWithStack.swift */ = {isa = PBXFileReference; lastKnownFileType = sourcecode.swift; path = SplitViewWithStack.swift; sourceTree = "<group>"; };
		817AD57D2AE01FD200CF96A4 /* master_detail.app */ = {isa = PBXFileReference; explicitFileType = wrapper.application; includeInIndex = 0; path = master_detail.app; sourceTree = BUILT_PRODUCTS_DIR; };
		817AD5812AE01FD200CF96A4 /* RealityKitContent */ = {isa = PBXFileReference; lastKnownFileType = wrapper; path = RealityKitContent; sourceTree = "<group>"; };
		817AD5842AE01FD200CF96A4 /* master_detailApp.swift */ = {isa = PBXFileReference; lastKnownFileType = sourcecode.swift; path = master_detailApp.swift; sourceTree = "<group>"; };
		817AD5862AE01FD200CF96A4 /* ContentView.swift */ = {isa = PBXFileReference; lastKnownFileType = sourcecode.swift; path = ContentView.swift; sourceTree = "<group>"; };
		817AD5882AE01FD500CF96A4 /* Assets.xcassets */ = {isa = PBXFileReference; lastKnownFileType = folder.assetcatalog; path = Assets.xcassets; sourceTree = "<group>"; };
		817AD58B2AE01FD500CF96A4 /* Preview Assets.xcassets */ = {isa = PBXFileReference; lastKnownFileType = folder.assetcatalog; path = "Preview Assets.xcassets"; sourceTree = "<group>"; };
		817AD58D2AE01FD500CF96A4 /* Info.plist */ = {isa = PBXFileReference; lastKnownFileType = text.plist.xml; path = Info.plist; sourceTree = "<group>"; };
		817AD5932AE0243D00CF96A4 /* MenuItem.swift */ = {isa = PBXFileReference; lastKnownFileType = sourcecode.swift; path = MenuItem.swift; sourceTree = "<group>"; };
		817AD5952AE0246B00CF96A4 /* CoffeeEquipmentModel.swift */ = {isa = PBXFileReference; lastKnownFileType = sourcecode.swift; path = CoffeeEquipmentModel.swift; sourceTree = "<group>"; };
		817C03F22AEC7D78007D8488 /* ProgressStepView.swift */ = {isa = PBXFileReference; lastKnownFileType = sourcecode.swift; path = ProgressStepView.swift; sourceTree = "<group>"; };
		817C03F52AF00196007D8488 /* MenuItemDetail.swift */ = {isa = PBXFileReference; lastKnownFileType = sourcecode.swift; path = MenuItemDetail.swift; sourceTree = "<group>"; };
		81B4F9342AE813D6002D4CB1 /* TwoColumnSplitView.swift */ = {isa = PBXFileReference; lastKnownFileType = sourcecode.swift; path = TwoColumnSplitView.swift; sourceTree = "<group>"; };
/* End PBXFileReference section */

/* Begin PBXFrameworksBuildPhase section */
		817AD57A2AE01FD200CF96A4 /* Frameworks */ = {
			isa = PBXFrameworksBuildPhase;
			buildActionMask = 2147483647;
			files = (
				817AD5832AE01FD200CF96A4 /* RealityKitContent in Frameworks */,
			);
			runOnlyForDeploymentPostprocessing = 0;
		};
/* End PBXFrameworksBuildPhase section */

/* Begin PBXGroup section */
		817AD5742AE01FD200CF96A4 = {
			isa = PBXGroup;
			children = (
				817AD57F2AE01FD200CF96A4 /* master_detail */,
				817AD5802AE01FD200CF96A4 /* Packages */,
				817AD57E2AE01FD200CF96A4 /* Products */,
			);
			sourceTree = "<group>";
		};
		817AD57E2AE01FD200CF96A4 /* Products */ = {
			isa = PBXGroup;
			children = (
				817AD57D2AE01FD200CF96A4 /* master_detail.app */,
			);
			name = Products;
			sourceTree = "<group>";
		};
		817AD57F2AE01FD200CF96A4 /* master_detail */ = {
			isa = PBXGroup;
			children = (
				817C03F42AEC7FC1007D8488 /* Models */,
				817C03F12AEC7BD5007D8488 /* Components */,
				817AD5842AE01FD200CF96A4 /* master_detailApp.swift */,
				817AD5862AE01FD200CF96A4 /* ContentView.swift */,
				81B4F9342AE813D6002D4CB1 /* TwoColumnSplitView.swift */,
				817AD5882AE01FD500CF96A4 /* Assets.xcassets */,
				817AD58D2AE01FD500CF96A4 /* Info.plist */,
				817AD58A2AE01FD500CF96A4 /* Preview Content */,
				812B5D922AE957A80065177C /* SplitViewWithStack.swift */,
				817C03F52AF00196007D8488 /* MenuItemDetail.swift */,
			);
			path = master_detail;
			sourceTree = "<group>";
		};
		817AD5802AE01FD200CF96A4 /* Packages */ = {
			isa = PBXGroup;
			children = (
				817AD5812AE01FD200CF96A4 /* RealityKitContent */,
			);
			path = Packages;
			sourceTree = "<group>";
		};
		817AD58A2AE01FD500CF96A4 /* Preview Content */ = {
			isa = PBXGroup;
			children = (
				817AD58B2AE01FD500CF96A4 /* Preview Assets.xcassets */,
			);
			path = "Preview Content";
			sourceTree = "<group>";
		};
		817C03F12AEC7BD5007D8488 /* Components */ = {
			isa = PBXGroup;
			children = (
				817C03F22AEC7D78007D8488 /* ProgressStepView.swift */,
			);
			path = Components;
			sourceTree = "<group>";
		};
		817C03F42AEC7FC1007D8488 /* Models */ = {
			isa = PBXGroup;
			children = (
				817AD5932AE0243D00CF96A4 /* MenuItem.swift */,
				817AD5952AE0246B00CF96A4 /* CoffeeEquipmentModel.swift */,
			);
			path = Models;
			sourceTree = "<group>";
		};
/* End PBXGroup section */

/* Begin PBXNativeTarget section */
		817AD57C2AE01FD200CF96A4 /* master_detail */ = {
			isa = PBXNativeTarget;
			buildConfigurationList = 817AD5902AE01FD500CF96A4 /* Build configuration list for PBXNativeTarget "master_detail" */;
			buildPhases = (
				817AD5792AE01FD200CF96A4 /* Sources */,
				817AD57A2AE01FD200CF96A4 /* Frameworks */,
				817AD57B2AE01FD200CF96A4 /* Resources */,
			);
			buildRules = (
			);
			dependencies = (
			);
			name = master_detail;
			packageProductDependencies = (
				817AD5822AE01FD200CF96A4 /* RealityKitContent */,
			);
			productName = master_detail;
			productReference = 817AD57D2AE01FD200CF96A4 /* master_detail.app */;
			productType = "com.apple.product-type.application";
		};
/* End PBXNativeTarget section */

/* Begin PBXProject section */
		817AD5752AE01FD200CF96A4 /* Project object */ = {
			isa = PBXProject;
			attributes = {
				BuildIndependentTargetsInParallel = 1;
				LastSwiftUpdateCheck = 1500;
				LastUpgradeCheck = 1500;
				TargetAttributes = {
					817AD57C2AE01FD200CF96A4 = {
						CreatedOnToolsVersion = 15.0;
					};
				};
			};
			buildConfigurationList = 817AD5782AE01FD200CF96A4 /* Build configuration list for PBXProject "master_detail" */;
			compatibilityVersion = "Xcode 14.0";
			developmentRegion = en;
			hasScannedForEncodings = 0;
			knownRegions = (
				en,
				Base,
			);
			mainGroup = 817AD5742AE01FD200CF96A4;
			productRefGroup = 817AD57E2AE01FD200CF96A4 /* Products */;
			projectDirPath = "";
			projectRoot = "";
			targets = (
				817AD57C2AE01FD200CF96A4 /* master_detail */,
			);
		};
/* End PBXProject section */

/* Begin PBXResourcesBuildPhase section */
		817AD57B2AE01FD200CF96A4 /* Resources */ = {
			isa = PBXResourcesBuildPhase;
			buildActionMask = 2147483647;
			files = (
				817AD58C2AE01FD500CF96A4 /* Preview Assets.xcassets in Resources */,
				817AD5892AE01FD500CF96A4 /* Assets.xcassets in Resources */,
			);
			runOnlyForDeploymentPostprocessing = 0;
		};
/* End PBXResourcesBuildPhase section */

/* Begin PBXSourcesBuildPhase section */
		817AD5792AE01FD200CF96A4 /* Sources */ = {
			isa = PBXSourcesBuildPhase;
			buildActionMask = 2147483647;
			files = (
				817AD5942AE0243D00CF96A4 /* MenuItem.swift in Sources */,
				817AD5872AE01FD200CF96A4 /* ContentView.swift in Sources */,
				812B5D932AE957A80065177C /* SplitViewWithStack.swift in Sources */,
				81B4F9352AE813D6002D4CB1 /* TwoColumnSplitView.swift in Sources */,
				817AD5962AE0246B00CF96A4 /* CoffeeEquipmentModel.swift in Sources */,
				817C03F32AEC7D78007D8488 /* ProgressStepView.swift in Sources */,
				817C03F62AF00196007D8488 /* MenuItemDetail.swift in Sources */,
				817AD5852AE01FD200CF96A4 /* master_detailApp.swift in Sources */,
			);
			runOnlyForDeploymentPostprocessing = 0;
		};
/* End PBXSourcesBuildPhase section */

/* Begin XCBuildConfiguration section */
		817AD58E2AE01FD500CF96A4 /* Debug */ = {
			isa = XCBuildConfiguration;
			buildSettings = {
				ALWAYS_SEARCH_USER_PATHS = NO;
				ASSETCATALOG_COMPILER_GENERATE_SWIFT_ASSET_SYMBOL_EXTENSIONS = YES;
				CLANG_ANALYZER_NONNULL = YES;
				CLANG_ANALYZER_NUMBER_OBJECT_CONVERSION = YES_AGGRESSIVE;
				CLANG_CXX_LANGUAGE_STANDARD = "gnu++20";
				CLANG_ENABLE_MODULES = YES;
				CLANG_ENABLE_OBJC_ARC = YES;
				CLANG_ENABLE_OBJC_WEAK = YES;
				CLANG_WARN_BLOCK_CAPTURE_AUTORELEASING = YES;
				CLANG_WARN_BOOL_CONVERSION = YES;
				CLANG_WARN_COMMA = YES;
				CLANG_WARN_CONSTANT_CONVERSION = YES;
				CLANG_WARN_DEPRECATED_OBJC_IMPLEMENTATIONS = YES;
				CLANG_WARN_DIRECT_OBJC_ISA_USAGE = YES_ERROR;
				CLANG_WARN_DOCUMENTATION_COMMENTS = YES;
				CLANG_WARN_EMPTY_BODY = YES;
				CLANG_WARN_ENUM_CONVERSION = YES;
				CLANG_WARN_INFINITE_RECURSION = YES;
				CLANG_WARN_INT_CONVERSION = YES;
				CLANG_WARN_NON_LITERAL_NULL_CONVERSION = YES;
				CLANG_WARN_OBJC_IMPLICIT_RETAIN_SELF = YES;
				CLANG_WARN_OBJC_LITERAL_CONVERSION = YES;
				CLANG_WARN_OBJC_ROOT_CLASS = YES_ERROR;
				CLANG_WARN_QUOTED_INCLUDE_IN_FRAMEWORK_HEADER = YES;
				CLANG_WARN_RANGE_LOOP_ANALYSIS = YES;
				CLANG_WARN_STRICT_PROTOTYPES = YES;
				CLANG_WARN_SUSPICIOUS_MOVE = YES;
				CLANG_WARN_UNGUARDED_AVAILABILITY = YES_AGGRESSIVE;
				CLANG_WARN_UNREACHABLE_CODE = YES;
				CLANG_WARN__DUPLICATE_METHOD_MATCH = YES;
				COPY_PHASE_STRIP = NO;
				DEBUG_INFORMATION_FORMAT = dwarf;
				ENABLE_STRICT_OBJC_MSGSEND = YES;
				ENABLE_TESTABILITY = YES;
				ENABLE_USER_SCRIPT_SANDBOXING = YES;
				GCC_C_LANGUAGE_STANDARD = gnu17;
				GCC_DYNAMIC_NO_PIC = NO;
				GCC_NO_COMMON_BLOCKS = YES;
				GCC_OPTIMIZATION_LEVEL = 0;
				GCC_PREPROCESSOR_DEFINITIONS = (
					"DEBUG=1",
					"$(inherited)",
				);
				GCC_WARN_64_TO_32_BIT_CONVERSION = YES;
				GCC_WARN_ABOUT_RETURN_TYPE = YES_ERROR;
				GCC_WARN_UNDECLARED_SELECTOR = YES;
				GCC_WARN_UNINITIALIZED_AUTOS = YES_AGGRESSIVE;
				GCC_WARN_UNUSED_FUNCTION = YES;
				GCC_WARN_UNUSED_VARIABLE = YES;
				LOCALIZATION_PREFERS_STRING_CATALOGS = YES;
				MTL_ENABLE_DEBUG_INFO = INCLUDE_SOURCE;
				MTL_FAST_MATH = YES;
				ONLY_ACTIVE_ARCH = YES;
				SDKROOT = xros;
				SWIFT_ACTIVE_COMPILATION_CONDITIONS = "DEBUG $(inherited)";
				SWIFT_OPTIMIZATION_LEVEL = "-Onone";
				XROS_DEPLOYMENT_TARGET = 1.0;
			};
			name = Debug;
		};
		817AD58F2AE01FD500CF96A4 /* Release */ = {
			isa = XCBuildConfiguration;
			buildSettings = {
				ALWAYS_SEARCH_USER_PATHS = NO;
				ASSETCATALOG_COMPILER_GENERATE_SWIFT_ASSET_SYMBOL_EXTENSIONS = YES;
				CLANG_ANALYZER_NONNULL = YES;
				CLANG_ANALYZER_NUMBER_OBJECT_CONVERSION = YES_AGGRESSIVE;
				CLANG_CXX_LANGUAGE_STANDARD = "gnu++20";
				CLANG_ENABLE_MODULES = YES;
				CLANG_ENABLE_OBJC_ARC = YES;
				CLANG_ENABLE_OBJC_WEAK = YES;
				CLANG_WARN_BLOCK_CAPTURE_AUTORELEASING = YES;
				CLANG_WARN_BOOL_CONVERSION = YES;
				CLANG_WARN_COMMA = YES;
				CLANG_WARN_CONSTANT_CONVERSION = YES;
				CLANG_WARN_DEPRECATED_OBJC_IMPLEMENTATIONS = YES;
				CLANG_WARN_DIRECT_OBJC_ISA_USAGE = YES_ERROR;
				CLANG_WARN_DOCUMENTATION_COMMENTS = YES;
				CLANG_WARN_EMPTY_BODY = YES;
				CLANG_WARN_ENUM_CONVERSION = YES;
				CLANG_WARN_INFINITE_RECURSION = YES;
				CLANG_WARN_INT_CONVERSION = YES;
				CLANG_WARN_NON_LITERAL_NULL_CONVERSION = YES;
				CLANG_WARN_OBJC_IMPLICIT_RETAIN_SELF = YES;
				CLANG_WARN_OBJC_LITERAL_CONVERSION = YES;
				CLANG_WARN_OBJC_ROOT_CLASS = YES_ERROR;
				CLANG_WARN_QUOTED_INCLUDE_IN_FRAMEWORK_HEADER = YES;
				CLANG_WARN_RANGE_LOOP_ANALYSIS = YES;
				CLANG_WARN_STRICT_PROTOTYPES = YES;
				CLANG_WARN_SUSPICIOUS_MOVE = YES;
				CLANG_WARN_UNGUARDED_AVAILABILITY = YES_AGGRESSIVE;
				CLANG_WARN_UNREACHABLE_CODE = YES;
				CLANG_WARN__DUPLICATE_METHOD_MATCH = YES;
				COPY_PHASE_STRIP = NO;
				DEBUG_INFORMATION_FORMAT = "dwarf-with-dsym";
				ENABLE_NS_ASSERTIONS = NO;
				ENABLE_STRICT_OBJC_MSGSEND = YES;
				ENABLE_USER_SCRIPT_SANDBOXING = YES;
				GCC_C_LANGUAGE_STANDARD = gnu17;
				GCC_NO_COMMON_BLOCKS = YES;
				GCC_WARN_64_TO_32_BIT_CONVERSION = YES;
				GCC_WARN_ABOUT_RETURN_TYPE = YES_ERROR;
				GCC_WARN_UNDECLARED_SELECTOR = YES;
				GCC_WARN_UNINITIALIZED_AUTOS = YES_AGGRESSIVE;
				GCC_WARN_UNUSED_FUNCTION = YES;
				GCC_WARN_UNUSED_VARIABLE = YES;
				LOCALIZATION_PREFERS_STRING_CATALOGS = YES;
				MTL_ENABLE_DEBUG_INFO = NO;
				MTL_FAST_MATH = YES;
				SDKROOT = xros;
				SWIFT_COMPILATION_MODE = wholemodule;
				VALIDATE_PRODUCT = YES;
				XROS_DEPLOYMENT_TARGET = 1.0;
			};
			name = Release;
		};
		817AD5912AE01FD500CF96A4 /* Debug */ = {
			isa = XCBuildConfiguration;
			buildSettings = {
				ASSETCATALOG_COMPILER_APPICON_NAME = AppIcon;
				ASSETCATALOG_COMPILER_GLOBAL_ACCENT_COLOR_NAME = AccentColor;
				CODE_SIGN_STYLE = Automatic;
				CURRENT_PROJECT_VERSION = 1;
				DEVELOPMENT_ASSET_PATHS = "\"master_detail/Preview Content\"";
				DEVELOPMENT_TEAM = PM7QCL9W5B;
				ENABLE_PREVIEWS = YES;
				GENERATE_INFOPLIST_FILE = YES;
				INFOPLIST_FILE = "$(TARGET_NAME)/Info.plist";
				LD_RUNPATH_SEARCH_PATHS = (
					"$(inherited)",
					"@executable_path/Frameworks",
				);
				MARKETING_VERSION = 1.0;
				PRODUCT_BUNDLE_IDENTIFIER = "poulin.master-detail";
				PRODUCT_NAME = "$(TARGET_NAME)";
				SUPPORTED_PLATFORMS = "xros xrsimulator";
				SWIFT_EMIT_LOC_STRINGS = YES;
				SWIFT_VERSION = 5.0;
				TARGETED_DEVICE_FAMILY = "1,2,7";
			};
			name = Debug;
		};
		817AD5922AE01FD500CF96A4 /* Release */ = {
			isa = XCBuildConfiguration;
			buildSettings = {
				ASSETCATALOG_COMPILER_APPICON_NAME = AppIcon;
				ASSETCATALOG_COMPILER_GLOBAL_ACCENT_COLOR_NAME = AccentColor;
				CODE_SIGN_STYLE = Automatic;
				CURRENT_PROJECT_VERSION = 1;
				DEVELOPMENT_ASSET_PATHS = "\"master_detail/Preview Content\"";
				DEVELOPMENT_TEAM = PM7QCL9W5B;
				ENABLE_PREVIEWS = YES;
				GENERATE_INFOPLIST_FILE = YES;
				INFOPLIST_FILE = "$(TARGET_NAME)/Info.plist";
				LD_RUNPATH_SEARCH_PATHS = (
					"$(inherited)",
					"@executable_path/Frameworks",
				);
				MARKETING_VERSION = 1.0;
				PRODUCT_BUNDLE_IDENTIFIER = "poulin.master-detail";
				PRODUCT_NAME = "$(TARGET_NAME)";
				SUPPORTED_PLATFORMS = "xros xrsimulator";
				SWIFT_EMIT_LOC_STRINGS = YES;
				SWIFT_VERSION = 5.0;
				TARGETED_DEVICE_FAMILY = "1,2,7";
			};
			name = Release;
		};
/* End XCBuildConfiguration section */

/* Begin XCConfigurationList section */
		817AD5782AE01FD200CF96A4 /* Build configuration list for PBXProject "master_detail" */ = {
			isa = XCConfigurationList;
			buildConfigurations = (
				817AD58E2AE01FD500CF96A4 /* Debug */,
				817AD58F2AE01FD500CF96A4 /* Release */,
			);
			defaultConfigurationIsVisible = 0;
			defaultConfigurationName = Release;
		};
		817AD5902AE01FD500CF96A4 /* Build configuration list for PBXNativeTarget "master_detail" */ = {
			isa = XCConfigurationList;
			buildConfigurations = (
				817AD5912AE01FD500CF96A4 /* Debug */,
				817AD5922AE01FD500CF96A4 /* Release */,
			);
			defaultConfigurationIsVisible = 0;
			defaultConfigurationName = Release;
		};
/* End XCConfigurationList section */

/* Begin XCSwiftPackageProductDependency section */
		817AD5822AE01FD200CF96A4 /* RealityKitContent */ = {
			isa = XCSwiftPackageProductDependency;
			productName = RealityKitContent;
		};
/* End XCSwiftPackageProductDependency section */
	};
	rootObject = 817AD5752AE01FD200CF96A4 /* Project object */;
}
