// !$*UTF8*$!
{
	archiveVersion = 1;
	classes = {
	};
	objectVersion = 56;
	objects = {

/* Begin PBXBuildFile section */
		811E37FE2B596E8A0050E5E5 /* mySiriApp.swift in Sources */ = {isa = PBXBuildFile; fileRef = 811E37FD2B596E8A0050E5E5 /* mySiriApp.swift */; };
		811E38002B596E8A0050E5E5 /* ContentView.swift in Sources */ = {isa = PBXBuildFile; fileRef = 811E37FF2B596E8A0050E5E5 /* ContentView.swift */; };
		811E38022B596E8B0050E5E5 /* Assets.xcassets in Resources */ = {isa = PBXBuildFile; fileRef = 811E38012B596E8B0050E5E5 /* Assets.xcassets */; };
		811E38062B596E8B0050E5E5 /* Preview Assets.xcassets in Resources */ = {isa = PBXBuildFile; fileRef = 811E38052B596E8B0050E5E5 /* Preview Assets.xcassets */; };
		811E380E2B596FF30050E5E5 /* ScreenshotIntent.swift in Sources */ = {isa = PBXBuildFile; fileRef = 811E380D2B596FF30050E5E5 /* ScreenshotIntent.swift */; };
		811E38112B5970500050E5E5 /* DataModel.swift in Sources */ = {isa = PBXBuildFile; fileRef = 811E38102B5970500050E5E5 /* DataModel.swift */; };
		811E38142B5971720050E5E5 /* MyShortcuts.swift in Sources */ = {isa = PBXBuildFile; fileRef = 811E38132B5971720050E5E5 /* MyShortcuts.swift */; };
		811E38172B59757B0050E5E5 /* SnippetView.swift in Sources */ = {isa = PBXBuildFile; fileRef = 811E38162B59757B0050E5E5 /* SnippetView.swift */; };
		811E381B2B5977AD0050E5E5 /* SecondView.swift in Sources */ = {isa = PBXBuildFile; fileRef = 811E381A2B5977AD0050E5E5 /* SecondView.swift */; };
/* End PBXBuildFile section */

/* Begin PBXFileReference section */
		811E37FA2B596E8A0050E5E5 /* mySiriApp.app */ = {isa = PBXFileReference; explicitFileType = wrapper.application; includeInIndex = 0; path = mySiriApp.app; sourceTree = BUILT_PRODUCTS_DIR; };
		811E37FD2B596E8A0050E5E5 /* mySiriApp.swift */ = {isa = PBXFileReference; lastKnownFileType = sourcecode.swift; path = mySiriApp.swift; sourceTree = "<group>"; };
		811E37FF2B596E8A0050E5E5 /* ContentView.swift */ = {isa = PBXFileReference; lastKnownFileType = sourcecode.swift; path = ContentView.swift; sourceTree = "<group>"; };
		811E38012B596E8B0050E5E5 /* Assets.xcassets */ = {isa = PBXFileReference; lastKnownFileType = folder.assetcatalog; path = Assets.xcassets; sourceTree = "<group>"; };
		811E38032B596E8B0050E5E5 /* mySiriApp.entitlements */ = {isa = PBXFileReference; lastKnownFileType = text.plist.entitlements; path = mySiriApp.entitlements; sourceTree = "<group>"; };
		811E38052B596E8B0050E5E5 /* Preview Assets.xcassets */ = {isa = PBXFileReference; lastKnownFileType = folder.assetcatalog; path = "Preview Assets.xcassets"; sourceTree = "<group>"; };
		811E380D2B596FF30050E5E5 /* ScreenshotIntent.swift */ = {isa = PBXFileReference; lastKnownFileType = sourcecode.swift; path = ScreenshotIntent.swift; sourceTree = "<group>"; };
		811E38102B5970500050E5E5 /* DataModel.swift */ = {isa = PBXFileReference; lastKnownFileType = sourcecode.swift; path = DataModel.swift; sourceTree = "<group>"; };
		811E38132B5971720050E5E5 /* MyShortcuts.swift */ = {isa = PBXFileReference; lastKnownFileType = sourcecode.swift; path = MyShortcuts.swift; sourceTree = "<group>"; };
		811E38162B59757B0050E5E5 /* SnippetView.swift */ = {isa = PBXFileReference; lastKnownFileType = sourcecode.swift; path = SnippetView.swift; sourceTree = "<group>"; };
		811E38182B59778B0050E5E5 /* Info.plist */ = {isa = PBXFileReference; lastKnownFileType = text.plist; path = Info.plist; sourceTree = "<group>"; };
		811E381A2B5977AD0050E5E5 /* SecondView.swift */ = {isa = PBXFileReference; lastKnownFileType = sourcecode.swift; path = SecondView.swift; sourceTree = "<group>"; };
/* End PBXFileReference section */

/* Begin PBXFrameworksBuildPhase section */
		811E37F72B596E8A0050E5E5 /* Frameworks */ = {
			isa = PBXFrameworksBuildPhase;
			buildActionMask = 2147483647;
			files = (
			);
			runOnlyForDeploymentPostprocessing = 0;
		};
/* End PBXFrameworksBuildPhase section */

/* Begin PBXGroup section */
		811E37F12B596E8A0050E5E5 = {
			isa = PBXGroup;
			children = (
				811E37FC2B596E8A0050E5E5 /* mySiriApp */,
				811E37FB2B596E8A0050E5E5 /* Products */,
			);
			sourceTree = "<group>";
		};
		811E37FB2B596E8A0050E5E5 /* Products */ = {
			isa = PBXGroup;
			children = (
				811E37FA2B596E8A0050E5E5 /* mySiriApp.app */,
			);
			name = Products;
			sourceTree = "<group>";
		};
		811E37FC2B596E8A0050E5E5 /* mySiriApp */ = {
			isa = PBXGroup;
			children = (
				811E38192B5977A40050E5E5 /* Views */,
				811E38182B59778B0050E5E5 /* Info.plist */,
				811E38152B5975620050E5E5 /* Snippet */,
				811E38122B5971540050E5E5 /* Shortcuts */,
				811E380F2B59703B0050E5E5 /* Models */,
				811E380C2B596EF70050E5E5 /* Intents */,
				811E37FD2B596E8A0050E5E5 /* mySiriApp.swift */,
				811E37FF2B596E8A0050E5E5 /* ContentView.swift */,
				811E38012B596E8B0050E5E5 /* Assets.xcassets */,
				811E38032B596E8B0050E5E5 /* mySiriApp.entitlements */,
				811E38042B596E8B0050E5E5 /* Preview Content */,
			);
			path = mySiriApp;
			sourceTree = "<group>";
		};
		811E38042B596E8B0050E5E5 /* Preview Content */ = {
			isa = PBXGroup;
			children = (
				811E38052B596E8B0050E5E5 /* Preview Assets.xcassets */,
			);
			path = "Preview Content";
			sourceTree = "<group>";
		};
		811E380C2B596EF70050E5E5 /* Intents */ = {
			isa = PBXGroup;
			children = (
				811E380D2B596FF30050E5E5 /* ScreenshotIntent.swift */,
			);
			path = Intents;
			sourceTree = "<group>";
		};
		811E380F2B59703B0050E5E5 /* Models */ = {
			isa = PBXGroup;
			children = (
				811E38102B5970500050E5E5 /* DataModel.swift */,
			);
			path = Models;
			sourceTree = "<group>";
		};
		811E38122B5971540050E5E5 /* Shortcuts */ = {
			isa = PBXGroup;
			children = (
				811E38132B5971720050E5E5 /* MyShortcuts.swift */,
			);
			path = Shortcuts;
			sourceTree = "<group>";
		};
		811E38152B5975620050E5E5 /* Snippet */ = {
			isa = PBXGroup;
			children = (
				811E38162B59757B0050E5E5 /* SnippetView.swift */,
			);
			path = Snippet;
			sourceTree = "<group>";
		};
		811E38192B5977A40050E5E5 /* Views */ = {
			isa = PBXGroup;
			children = (
				811E381A2B5977AD0050E5E5 /* SecondView.swift */,
			);
			path = Views;
			sourceTree = "<group>";
		};
/* End PBXGroup section */

/* Begin PBXNativeTarget section */
		811E37F92B596E8A0050E5E5 /* mySiriApp */ = {
			isa = PBXNativeTarget;
			buildConfigurationList = 811E38092B596E8B0050E5E5 /* Build configuration list for PBXNativeTarget "mySiriApp" */;
			buildPhases = (
				811E37F62B596E8A0050E5E5 /* Sources */,
				811E37F72B596E8A0050E5E5 /* Frameworks */,
				811E37F82B596E8A0050E5E5 /* Resources */,
			);
			buildRules = (
			);
			dependencies = (
			);
			name = mySiriApp;
			productName = mySiriApp;
			productReference = 811E37FA2B596E8A0050E5E5 /* mySiriApp.app */;
			productType = "com.apple.product-type.application";
		};
/* End PBXNativeTarget section */

/* Begin PBXProject section */
		811E37F22B596E8A0050E5E5 /* Project object */ = {
			isa = PBXProject;
			attributes = {
				BuildIndependentTargetsInParallel = 1;
				LastSwiftUpdateCheck = 1520;
				LastUpgradeCheck = 1520;
				TargetAttributes = {
					811E37F92B596E8A0050E5E5 = {
						CreatedOnToolsVersion = 15.2;
					};
				};
			};
			buildConfigurationList = 811E37F52B596E8A0050E5E5 /* Build configuration list for PBXProject "mySiriApp" */;
			compatibilityVersion = "Xcode 14.0";
			developmentRegion = en;
			hasScannedForEncodings = 0;
			knownRegions = (
				en,
				Base,
			);
			mainGroup = 811E37F12B596E8A0050E5E5;
			productRefGroup = 811E37FB2B596E8A0050E5E5 /* Products */;
			projectDirPath = "";
			projectRoot = "";
			targets = (
				811E37F92B596E8A0050E5E5 /* mySiriApp */,
			);
		};
/* End PBXProject section */

/* Begin PBXResourcesBuildPhase section */
		811E37F82B596E8A0050E5E5 /* Resources */ = {
			isa = PBXResourcesBuildPhase;
			buildActionMask = 2147483647;
			files = (
				811E38062B596E8B0050E5E5 /* Preview Assets.xcassets in Resources */,
				811E38022B596E8B0050E5E5 /* Assets.xcassets in Resources */,
			);
			runOnlyForDeploymentPostprocessing = 0;
		};
/* End PBXResourcesBuildPhase section */

/* Begin PBXSourcesBuildPhase section */
		811E37F62B596E8A0050E5E5 /* Sources */ = {
			isa = PBXSourcesBuildPhase;
			buildActionMask = 2147483647;
			files = (
				811E381B2B5977AD0050E5E5 /* SecondView.swift in Sources */,
				811E38002B596E8A0050E5E5 /* ContentView.swift in Sources */,
				811E38112B5970500050E5E5 /* DataModel.swift in Sources */,
				811E380E2B596FF30050E5E5 /* ScreenshotIntent.swift in Sources */,
				811E38142B5971720050E5E5 /* MyShortcuts.swift in Sources */,
				811E38172B59757B0050E5E5 /* SnippetView.swift in Sources */,
				811E37FE2B596E8A0050E5E5 /* mySiriApp.swift in Sources */,
			);
			runOnlyForDeploymentPostprocessing = 0;
		};
/* End PBXSourcesBuildPhase section */

/* Begin XCBuildConfiguration section */
		811E38072B596E8B0050E5E5 /* Debug */ = {
			isa = XCBuildConfiguration;
			buildSettings = {
				ALWAYS_SEARCH_USER_PATHS = NO;
				ASSETCATALOG_COMPILER_GENERATE_SWIFT_ASSET_SYMBOL_EXTENSIONS = YES;
				CLANG_ANALYZER_NONNULL = YES;
				CLANG_ANALYZER_NUMBER_OBJECT_CONVERSION = YES_AGGRESSIVE;
				CLANG_CXX_LANGUAGE_STANDARD = "gnu++20";
				CLANG_ENABLE_MODULES = YES;
				CLANG_ENABLE_OBJC_ARC = YES;
				CLANG_ENABLE_OBJC_WEAK = YES;
				CLANG_WARN_BLOCK_CAPTURE_AUTORELEASING = YES;
				CLANG_WARN_BOOL_CONVERSION = YES;
				CLANG_WARN_COMMA = YES;
				CLANG_WARN_CONSTANT_CONVERSION = YES;
				CLANG_WARN_DEPRECATED_OBJC_IMPLEMENTATIONS = YES;
				CLANG_WARN_DIRECT_OBJC_ISA_USAGE = YES_ERROR;
				CLANG_WARN_DOCUMENTATION_COMMENTS = YES;
				CLANG_WARN_EMPTY_BODY = YES;
				CLANG_WARN_ENUM_CONVERSION = YES;
				CLANG_WARN_INFINITE_RECURSION = YES;
				CLANG_WARN_INT_CONVERSION = YES;
				CLANG_WARN_NON_LITERAL_NULL_CONVERSION = YES;
				CLANG_WARN_OBJC_IMPLICIT_RETAIN_SELF = YES;
				CLANG_WARN_OBJC_LITERAL_CONVERSION = YES;
				CLANG_WARN_OBJC_ROOT_CLASS = YES_ERROR;
				CLANG_WARN_QUOTED_INCLUDE_IN_FRAMEWORK_HEADER = YES;
				CLANG_WARN_RANGE_LOOP_ANALYSIS = YES;
				CLANG_WARN_STRICT_PROTOTYPES = YES;
				CLANG_WARN_SUSPICIOUS_MOVE = YES;
				CLANG_WARN_UNGUARDED_AVAILABILITY = YES_AGGRESSIVE;
				CLANG_WARN_UNREACHABLE_CODE = YES;
				CLANG_WARN__DUPLICATE_METHOD_MATCH = YES;
				COPY_PHASE_STRIP = NO;
				DEBUG_INFORMATION_FORMAT = dwarf;
				ENABLE_STRICT_OBJC_MSGSEND = YES;
				ENABLE_TESTABILITY = YES;
				ENABLE_USER_SCRIPT_SANDBOXING = YES;
				GCC_C_LANGUAGE_STANDARD = gnu17;
				GCC_DYNAMIC_NO_PIC = NO;
				GCC_NO_COMMON_BLOCKS = YES;
				GCC_OPTIMIZATION_LEVEL = 0;
				GCC_PREPROCESSOR_DEFINITIONS = (
					"DEBUG=1",
					"$(inherited)",
				);
				GCC_WARN_64_TO_32_BIT_CONVERSION = YES;
				GCC_WARN_ABOUT_RETURN_TYPE = YES_ERROR;
				GCC_WARN_UNDECLARED_SELECTOR = YES;
				GCC_WARN_UNINITIALIZED_AUTOS = YES_AGGRESSIVE;
				GCC_WARN_UNUSED_FUNCTION = YES;
				GCC_WARN_UNUSED_VARIABLE = YES;
				LOCALIZATION_PREFERS_STRING_CATALOGS = YES;
				MTL_ENABLE_DEBUG_INFO = INCLUDE_SOURCE;
				MTL_FAST_MATH = YES;
				ONLY_ACTIVE_ARCH = YES;
				SWIFT_ACTIVE_COMPILATION_CONDITIONS = "DEBUG $(inherited)";
				SWIFT_OPTIMIZATION_LEVEL = "-Onone";
			};
			name = Debug;
		};
		811E38082B596E8B0050E5E5 /* Release */ = {
			isa = XCBuildConfiguration;
			buildSettings = {
				ALWAYS_SEARCH_USER_PATHS = NO;
				ASSETCATALOG_COMPILER_GENERATE_SWIFT_ASSET_SYMBOL_EXTENSIONS = YES;
				CLANG_ANALYZER_NONNULL = YES;
				CLANG_ANALYZER_NUMBER_OBJECT_CONVERSION = YES_AGGRESSIVE;
				CLANG_CXX_LANGUAGE_STANDARD = "gnu++20";
				CLANG_ENABLE_MODULES = YES;
				CLANG_ENABLE_OBJC_ARC = YES;
				CLANG_ENABLE_OBJC_WEAK = YES;
				CLANG_WARN_BLOCK_CAPTURE_AUTORELEASING = YES;
				CLANG_WARN_BOOL_CONVERSION = YES;
				CLANG_WARN_COMMA = YES;
				CLANG_WARN_CONSTANT_CONVERSION = YES;
				CLANG_WARN_DEPRECATED_OBJC_IMPLEMENTATIONS = YES;
				CLANG_WARN_DIRECT_OBJC_ISA_USAGE = YES_ERROR;
				CLANG_WARN_DOCUMENTATION_COMMENTS = YES;
				CLANG_WARN_EMPTY_BODY = YES;
				CLANG_WARN_ENUM_CONVERSION = YES;
				CLANG_WARN_INFINITE_RECURSION = YES;
				CLANG_WARN_INT_CONVERSION = YES;
				CLANG_WARN_NON_LITERAL_NULL_CONVERSION = YES;
				CLANG_WARN_OBJC_IMPLICIT_RETAIN_SELF = YES;
				CLANG_WARN_OBJC_LITERAL_CONVERSION = YES;
				CLANG_WARN_OBJC_ROOT_CLASS = YES_ERROR;
				CLANG_WARN_QUOTED_INCLUDE_IN_FRAMEWORK_HEADER = YES;
				CLANG_WARN_RANGE_LOOP_ANALYSIS = YES;
				CLANG_WARN_STRICT_PROTOTYPES = YES;
				CLANG_WARN_SUSPICIOUS_MOVE = YES;
				CLANG_WARN_UNGUARDED_AVAILABILITY = YES_AGGRESSIVE;
				CLANG_WARN_UNREACHABLE_CODE = YES;
				CLANG_WARN__DUPLICATE_METHOD_MATCH = YES;
				COPY_PHASE_STRIP = NO;
				DEBUG_INFORMATION_FORMAT = "dwarf-with-dsym";
				ENABLE_NS_ASSERTIONS = NO;
				ENABLE_STRICT_OBJC_MSGSEND = YES;
				ENABLE_USER_SCRIPT_SANDBOXING = YES;
				GCC_C_LANGUAGE_STANDARD = gnu17;
				GCC_NO_COMMON_BLOCKS = YES;
				GCC_WARN_64_TO_32_BIT_CONVERSION = YES;
				GCC_WARN_ABOUT_RETURN_TYPE = YES_ERROR;
				GCC_WARN_UNDECLARED_SELECTOR = YES;
				GCC_WARN_UNINITIALIZED_AUTOS = YES_AGGRESSIVE;
				GCC_WARN_UNUSED_FUNCTION = YES;
				GCC_WARN_UNUSED_VARIABLE = YES;
				LOCALIZATION_PREFERS_STRING_CATALOGS = YES;
				MTL_ENABLE_DEBUG_INFO = NO;
				MTL_FAST_MATH = YES;
				SWIFT_COMPILATION_MODE = wholemodule;
			};
			name = Release;
		};
		811E380A2B596E8B0050E5E5 /* Debug */ = {
			isa = XCBuildConfiguration;
			buildSettings = {
				ASSETCATALOG_COMPILER_APPICON_NAME = AppIcon;
				ASSETCATALOG_COMPILER_GLOBAL_ACCENT_COLOR_NAME = AccentColor;
				CODE_SIGN_ENTITLEMENTS = mySiriApp/mySiriApp.entitlements;
				CODE_SIGN_STYLE = Automatic;
				CURRENT_PROJECT_VERSION = 1;
				DEVELOPMENT_ASSET_PATHS = "\"mySiriApp/Preview Content\"";
				DEVELOPMENT_TEAM = 2LQD85BYAP;
				ENABLE_HARDENED_RUNTIME = YES;
				ENABLE_PREVIEWS = YES;
				GENERATE_INFOPLIST_FILE = YES;
				INFOPLIST_FILE = mySiriApp/Info.plist;
				INFOPLIST_KEY_NSPhotoLibraryAddUsageDescription = "save image into album";
				INFOPLIST_KEY_NSPhotoLibraryUsageDescription = "list content from album";
				INFOPLIST_KEY_NSSiriUsageDescription = "using Siri to handle actions";
				INFOPLIST_KEY_UIApplicationSceneManifest_Generation = YES;
				"INFOPLIST_KEY_UIApplicationSceneManifest_Generation[sdk=iphoneos*]" = YES;
				"INFOPLIST_KEY_UIApplicationSceneManifest_Generation[sdk=iphonesimulator*]" = YES;
				"INFOPLIST_KEY_UIApplicationSupportsIndirectInputEvents[sdk=iphoneos*]" = YES;
				"INFOPLIST_KEY_UIApplicationSupportsIndirectInputEvents[sdk=iphonesimulator*]" = YES;
				"INFOPLIST_KEY_UILaunchScreen_Generation[sdk=iphoneos*]" = YES;
				"INFOPLIST_KEY_UILaunchScreen_Generation[sdk=iphonesimulator*]" = YES;
				"INFOPLIST_KEY_UIStatusBarStyle[sdk=iphoneos*]" = UIStatusBarStyleDefault;
				"INFOPLIST_KEY_UIStatusBarStyle[sdk=iphonesimulator*]" = UIStatusBarStyleDefault;
				INFOPLIST_KEY_UISupportedInterfaceOrientations_iPad = "UIInterfaceOrientationPortrait UIInterfaceOrientationPortraitUpsideDown UIInterfaceOrientationLandscapeLeft UIInterfaceOrientationLandscapeRight";
				INFOPLIST_KEY_UISupportedInterfaceOrientations_iPhone = "UIInterfaceOrientationPortrait UIInterfaceOrientationLandscapeLeft UIInterfaceOrientationLandscapeRight";
				IPHONEOS_DEPLOYMENT_TARGET = 17.2;
				LD_RUNPATH_SEARCH_PATHS = "@executable_path/Frameworks";
				"LD_RUNPATH_SEARCH_PATHS[sdk=macosx*]" = "@executable_path/../Frameworks";
				MACOSX_DEPLOYMENT_TARGET = 14.0;
				MARKETING_VERSION = 1.0;
				PRODUCT_BUNDLE_IDENTIFIER = com.poulin.testapp..mySiriApp;
				PRODUCT_NAME = "$(TARGET_NAME)";
				SDKROOT = auto;
				SUPPORTED_PLATFORMS = "iphoneos iphonesimulator macosx xros xrsimulator";
				SUPPORTS_MACCATALYST = NO;
				SWIFT_EMIT_LOC_STRINGS = YES;
				SWIFT_VERSION = 5.0;
				TARGETED_DEVICE_FAMILY = "1,2,7";
			};
			name = Debug;
		};
		811E380B2B596E8B0050E5E5 /* Release */ = {
			isa = XCBuildConfiguration;
			buildSettings = {
				ASSETCATALOG_COMPILER_APPICON_NAME = AppIcon;
				ASSETCATALOG_COMPILER_GLOBAL_ACCENT_COLOR_NAME = AccentColor;
				CODE_SIGN_ENTITLEMENTS = mySiriApp/mySiriApp.entitlements;
				CODE_SIGN_STYLE = Automatic;
				CURRENT_PROJECT_VERSION = 1;
				DEVELOPMENT_ASSET_PATHS = "\"mySiriApp/Preview Content\"";
				DEVELOPMENT_TEAM = 2LQD85BYAP;
				ENABLE_HARDENED_RUNTIME = YES;
				ENABLE_PREVIEWS = YES;
				GENERATE_INFOPLIST_FILE = YES;
				INFOPLIST_FILE = mySiriApp/Info.plist;
				INFOPLIST_KEY_NSPhotoLibraryAddUsageDescription = "save image into album";
				INFOPLIST_KEY_NSPhotoLibraryUsageDescription = "list content from album";
				INFOPLIST_KEY_NSSiriUsageDescription = "using Siri to handle actions";
				INFOPLIST_KEY_UIApplicationSceneManifest_Generation = YES;
				"INFOPLIST_KEY_UIApplicationSceneManifest_Generation[sdk=iphoneos*]" = YES;
				"INFOPLIST_KEY_UIApplicationSceneManifest_Generation[sdk=iphonesimulator*]" = YES;
				"INFOPLIST_KEY_UIApplicationSupportsIndirectInputEvents[sdk=iphoneos*]" = YES;
				"INFOPLIST_KEY_UIApplicationSupportsIndirectInputEvents[sdk=iphonesimulator*]" = YES;
				"INFOPLIST_KEY_UILaunchScreen_Generation[sdk=iphoneos*]" = YES;
				"INFOPLIST_KEY_UILaunchScreen_Generation[sdk=iphonesimulator*]" = YES;
				"INFOPLIST_KEY_UIStatusBarStyle[sdk=iphoneos*]" = UIStatusBarStyleDefault;
				"INFOPLIST_KEY_UIStatusBarStyle[sdk=iphonesimulator*]" = UIStatusBarStyleDefault;
				INFOPLIST_KEY_UISupportedInterfaceOrientations_iPad = "UIInterfaceOrientationPortrait UIInterfaceOrientationPortraitUpsideDown UIInterfaceOrientationLandscapeLeft UIInterfaceOrientationLandscapeRight";
				INFOPLIST_KEY_UISupportedInterfaceOrientations_iPhone = "UIInterfaceOrientationPortrait UIInterfaceOrientationLandscapeLeft UIInterfaceOrientationLandscapeRight";
				IPHONEOS_DEPLOYMENT_TARGET = 17.2;
				LD_RUNPATH_SEARCH_PATHS = "@executable_path/Frameworks";
				"LD_RUNPATH_SEARCH_PATHS[sdk=macosx*]" = "@executable_path/../Frameworks";
				MACOSX_DEPLOYMENT_TARGET = 14.0;
				MARKETING_VERSION = 1.0;
				PRODUCT_BUNDLE_IDENTIFIER = com.poulin.testapp..mySiriApp;
				PRODUCT_NAME = "$(TARGET_NAME)";
				SDKROOT = auto;
				SUPPORTED_PLATFORMS = "iphoneos iphonesimulator macosx xros xrsimulator";
				SUPPORTS_MACCATALYST = NO;
				SWIFT_EMIT_LOC_STRINGS = YES;
				SWIFT_VERSION = 5.0;
				TARGETED_DEVICE_FAMILY = "1,2,7";
			};
			name = Release;
		};
/* End XCBuildConfiguration section */

/* Begin XCConfigurationList section */
		811E37F52B596E8A0050E5E5 /* Build configuration list for PBXProject "mySiriApp" */ = {
			isa = XCConfigurationList;
			buildConfigurations = (
				811E38072B596E8B0050E5E5 /* Debug */,
				811E38082B596E8B0050E5E5 /* Release */,
			);
			defaultConfigurationIsVisible = 0;
			defaultConfigurationName = Release;
		};
		811E38092B596E8B0050E5E5 /* Build configuration list for PBXNativeTarget "mySiriApp" */ = {
			isa = XCConfigurationList;
			buildConfigurations = (
				811E380A2B596E8B0050E5E5 /* Debug */,
				811E380B2B596E8B0050E5E5 /* Release */,
			);
			defaultConfigurationIsVisible = 0;
			defaultConfigurationName = Release;
		};
/* End XCConfigurationList section */
	};
	rootObject = 811E37F22B596E8A0050E5E5 /* Project object */;
}
