// !$*UTF8*$!
{
	archiveVersion = 1;
	classes = {
	};
	objectVersion = 56;
	objects = {

/* Begin PBXBuildFile section */
		818B45292AFA7E00002C0C96 /* RealityKitContent in Frameworks */ = {isa = PBXBuildFile; productRef = 818B45282AFA7E00002C0C96 /* RealityKitContent */; };
		818B452B2AFA7E00002C0C96 /* realtimeSTTApp.swift in Sources */ = {isa = PBXBuildFile; fileRef = 818B452A2AFA7E00002C0C96 /* realtimeSTTApp.swift */; };
		818B452D2AFA7E00002C0C96 /* ContentView.swift in Sources */ = {isa = PBXBuildFile; fileRef = 818B452C2AFA7E00002C0C96 /* ContentView.swift */; };
		818B452F2AFA7E00002C0C96 /* ImmersiveView.swift in Sources */ = {isa = PBXBuildFile; fileRef = 818B452E2AFA7E00002C0C96 /* ImmersiveView.swift */; };
		818B45312AFA7E02002C0C96 /* Assets.xcassets in Resources */ = {isa = PBXBuildFile; fileRef = 818B45302AFA7E02002C0C96 /* Assets.xcassets */; };
		818B45342AFA7E02002C0C96 /* Preview Assets.xcassets in Resources */ = {isa = PBXBuildFile; fileRef = 818B45332AFA7E02002C0C96 /* Preview Assets.xcassets */; };
		818B45402AFA81A6002C0C96 /* SpeechRecognizer.swift in Sources */ = {isa = PBXBuildFile; fileRef = 818B453F2AFA81A6002C0C96 /* SpeechRecognizer.swift */; };
/* End PBXBuildFile section */

/* Begin PBXFileReference section */
		818B45232AFA7E00002C0C96 /* realtimeSTT.app */ = {isa = PBXFileReference; explicitFileType = wrapper.application; includeInIndex = 0; path = realtimeSTT.app; sourceTree = BUILT_PRODUCTS_DIR; };
		818B45272AFA7E00002C0C96 /* RealityKitContent */ = {isa = PBXFileReference; lastKnownFileType = wrapper; path = RealityKitContent; sourceTree = "<group>"; };
		818B452A2AFA7E00002C0C96 /* realtimeSTTApp.swift */ = {isa = PBXFileReference; lastKnownFileType = sourcecode.swift; path = realtimeSTTApp.swift; sourceTree = "<group>"; };
		818B452C2AFA7E00002C0C96 /* ContentView.swift */ = {isa = PBXFileReference; lastKnownFileType = sourcecode.swift; path = ContentView.swift; sourceTree = "<group>"; };
		818B452E2AFA7E00002C0C96 /* ImmersiveView.swift */ = {isa = PBXFileReference; lastKnownFileType = sourcecode.swift; path = ImmersiveView.swift; sourceTree = "<group>"; };
		818B45302AFA7E02002C0C96 /* Assets.xcassets */ = {isa = PBXFileReference; lastKnownFileType = folder.assetcatalog; path = Assets.xcassets; sourceTree = "<group>"; };
		818B45332AFA7E02002C0C96 /* Preview Assets.xcassets */ = {isa = PBXFileReference; lastKnownFileType = folder.assetcatalog; path = "Preview Assets.xcassets"; sourceTree = "<group>"; };
		818B45352AFA7E02002C0C96 /* Info.plist */ = {isa = PBXFileReference; lastKnownFileType = text.plist.xml; path = Info.plist; sourceTree = "<group>"; };
		818B453F2AFA81A6002C0C96 /* SpeechRecognizer.swift */ = {isa = PBXFileReference; fileEncoding = 4; lastKnownFileType = sourcecode.swift; path = SpeechRecognizer.swift; sourceTree = "<group>"; };
/* End PBXFileReference section */

/* Begin PBXFrameworksBuildPhase section */
		818B45202AFA7E00002C0C96 /* Frameworks */ = {
			isa = PBXFrameworksBuildPhase;
			buildActionMask = 2147483647;
			files = (
				818B45292AFA7E00002C0C96 /* RealityKitContent in Frameworks */,
			);
			runOnlyForDeploymentPostprocessing = 0;
		};
/* End PBXFrameworksBuildPhase section */

/* Begin PBXGroup section */
		818B451A2AFA7E00002C0C96 = {
			isa = PBXGroup;
			children = (
				818B45252AFA7E00002C0C96 /* realtimeSTT */,
				818B45262AFA7E00002C0C96 /* Packages */,
				818B45242AFA7E00002C0C96 /* Products */,
			);
			sourceTree = "<group>";
		};
		818B45242AFA7E00002C0C96 /* Products */ = {
			isa = PBXGroup;
			children = (
				818B45232AFA7E00002C0C96 /* realtimeSTT.app */,
			);
			name = Products;
			sourceTree = "<group>";
		};
		818B45252AFA7E00002C0C96 /* realtimeSTT */ = {
			isa = PBXGroup;
			children = (
				818B453E2AFA7FE5002C0C96 /* Controllers */,
				818B453D2AFA7FD9002C0C96 /* Models */,
				818B452A2AFA7E00002C0C96 /* realtimeSTTApp.swift */,
				818B452C2AFA7E00002C0C96 /* ContentView.swift */,
				818B452E2AFA7E00002C0C96 /* ImmersiveView.swift */,
				818B45302AFA7E02002C0C96 /* Assets.xcassets */,
				818B45352AFA7E02002C0C96 /* Info.plist */,
				818B45322AFA7E02002C0C96 /* Preview Content */,
			);
			path = realtimeSTT;
			sourceTree = "<group>";
		};
		818B45262AFA7E00002C0C96 /* Packages */ = {
			isa = PBXGroup;
			children = (
				818B45272AFA7E00002C0C96 /* RealityKitContent */,
			);
			path = Packages;
			sourceTree = "<group>";
		};
		818B45322AFA7E02002C0C96 /* Preview Content */ = {
			isa = PBXGroup;
			children = (
				818B45332AFA7E02002C0C96 /* Preview Assets.xcassets */,
			);
			path = "Preview Content";
			sourceTree = "<group>";
		};
		818B453D2AFA7FD9002C0C96 /* Models */ = {
			isa = PBXGroup;
			children = (
			);
			path = Models;
			sourceTree = "<group>";
		};
		818B453E2AFA7FE5002C0C96 /* Controllers */ = {
			isa = PBXGroup;
			children = (
				818B453F2AFA81A6002C0C96 /* SpeechRecognizer.swift */,
			);
			path = Controllers;
			sourceTree = "<group>";
		};
/* End PBXGroup section */

/* Begin PBXNativeTarget section */
		818B45222AFA7E00002C0C96 /* realtimeSTT */ = {
			isa = PBXNativeTarget;
			buildConfigurationList = 818B45382AFA7E02002C0C96 /* Build configuration list for PBXNativeTarget "realtimeSTT" */;
			buildPhases = (
				818B451F2AFA7E00002C0C96 /* Sources */,
				818B45202AFA7E00002C0C96 /* Frameworks */,
				818B45212AFA7E00002C0C96 /* Resources */,
			);
			buildRules = (
			);
			dependencies = (
			);
			name = realtimeSTT;
			packageProductDependencies = (
				818B45282AFA7E00002C0C96 /* RealityKitContent */,
			);
			productName = realtimeSTT;
			productReference = 818B45232AFA7E00002C0C96 /* realtimeSTT.app */;
			productType = "com.apple.product-type.application";
		};
/* End PBXNativeTarget section */

/* Begin PBXProject section */
		818B451B2AFA7E00002C0C96 /* Project object */ = {
			isa = PBXProject;
			attributes = {
				BuildIndependentTargetsInParallel = 1;
				LastSwiftUpdateCheck = 1510;
				LastUpgradeCheck = 1510;
				TargetAttributes = {
					818B45222AFA7E00002C0C96 = {
						CreatedOnToolsVersion = 15.1;
					};
				};
			};
			buildConfigurationList = 818B451E2AFA7E00002C0C96 /* Build configuration list for PBXProject "realtimeSTT" */;
			compatibilityVersion = "Xcode 14.0";
			developmentRegion = en;
			hasScannedForEncodings = 0;
			knownRegions = (
				en,
				Base,
			);
			mainGroup = 818B451A2AFA7E00002C0C96;
			productRefGroup = 818B45242AFA7E00002C0C96 /* Products */;
			projectDirPath = "";
			projectRoot = "";
			targets = (
				818B45222AFA7E00002C0C96 /* realtimeSTT */,
			);
		};
/* End PBXProject section */

/* Begin PBXResourcesBuildPhase section */
		818B45212AFA7E00002C0C96 /* Resources */ = {
			isa = PBXResourcesBuildPhase;
			buildActionMask = 2147483647;
			files = (
				818B45342AFA7E02002C0C96 /* Preview Assets.xcassets in Resources */,
				818B45312AFA7E02002C0C96 /* Assets.xcassets in Resources */,
			);
			runOnlyForDeploymentPostprocessing = 0;
		};
/* End PBXResourcesBuildPhase section */

/* Begin PBXSourcesBuildPhase section */
		818B451F2AFA7E00002C0C96 /* Sources */ = {
			isa = PBXSourcesBuildPhase;
			buildActionMask = 2147483647;
			files = (
				818B452D2AFA7E00002C0C96 /* ContentView.swift in Sources */,
				818B45402AFA81A6002C0C96 /* SpeechRecognizer.swift in Sources */,
				818B452B2AFA7E00002C0C96 /* realtimeSTTApp.swift in Sources */,
				818B452F2AFA7E00002C0C96 /* ImmersiveView.swift in Sources */,
			);
			runOnlyForDeploymentPostprocessing = 0;
		};
/* End PBXSourcesBuildPhase section */

/* Begin XCBuildConfiguration section */
		818B45362AFA7E02002C0C96 /* Debug */ = {
			isa = XCBuildConfiguration;
			buildSettings = {
				ALWAYS_SEARCH_USER_PATHS = NO;
				ASSETCATALOG_COMPILER_GENERATE_SWIFT_ASSET_SYMBOL_EXTENSIONS = YES;
				CLANG_ANALYZER_NONNULL = YES;
				CLANG_ANALYZER_NUMBER_OBJECT_CONVERSION = YES_AGGRESSIVE;
				CLANG_CXX_LANGUAGE_STANDARD = "gnu++20";
				CLANG_ENABLE_MODULES = YES;
				CLANG_ENABLE_OBJC_ARC = YES;
				CLANG_ENABLE_OBJC_WEAK = YES;
				CLANG_WARN_BLOCK_CAPTURE_AUTORELEASING = YES;
				CLANG_WARN_BOOL_CONVERSION = YES;
				CLANG_WARN_COMMA = YES;
				CLANG_WARN_CONSTANT_CONVERSION = YES;
				CLANG_WARN_DEPRECATED_OBJC_IMPLEMENTATIONS = YES;
				CLANG_WARN_DIRECT_OBJC_ISA_USAGE = YES_ERROR;
				CLANG_WARN_DOCUMENTATION_COMMENTS = YES;
				CLANG_WARN_EMPTY_BODY = YES;
				CLANG_WARN_ENUM_CONVERSION = YES;
				CLANG_WARN_INFINITE_RECURSION = YES;
				CLANG_WARN_INT_CONVERSION = YES;
				CLANG_WARN_NON_LITERAL_NULL_CONVERSION = YES;
				CLANG_WARN_OBJC_IMPLICIT_RETAIN_SELF = YES;
				CLANG_WARN_OBJC_LITERAL_CONVERSION = YES;
				CLANG_WARN_OBJC_ROOT_CLASS = YES_ERROR;
				CLANG_WARN_QUOTED_INCLUDE_IN_FRAMEWORK_HEADER = YES;
				CLANG_WARN_RANGE_LOOP_ANALYSIS = YES;
				CLANG_WARN_STRICT_PROTOTYPES = YES;
				CLANG_WARN_SUSPICIOUS_MOVE = YES;
				CLANG_WARN_UNGUARDED_AVAILABILITY = YES_AGGRESSIVE;
				CLANG_WARN_UNREACHABLE_CODE = YES;
				CLANG_WARN__DUPLICATE_METHOD_MATCH = YES;
				COPY_PHASE_STRIP = NO;
				DEBUG_INFORMATION_FORMAT = dwarf;
				ENABLE_STRICT_OBJC_MSGSEND = YES;
				ENABLE_TESTABILITY = YES;
				ENABLE_USER_SCRIPT_SANDBOXING = YES;
				GCC_C_LANGUAGE_STANDARD = gnu17;
				GCC_DYNAMIC_NO_PIC = NO;
				GCC_NO_COMMON_BLOCKS = YES;
				GCC_OPTIMIZATION_LEVEL = 0;
				GCC_PREPROCESSOR_DEFINITIONS = (
					"DEBUG=1",
					"$(inherited)",
				);
				GCC_WARN_64_TO_32_BIT_CONVERSION = YES;
				GCC_WARN_ABOUT_RETURN_TYPE = YES_ERROR;
				GCC_WARN_UNDECLARED_SELECTOR = YES;
				GCC_WARN_UNINITIALIZED_AUTOS = YES_AGGRESSIVE;
				GCC_WARN_UNUSED_FUNCTION = YES;
				GCC_WARN_UNUSED_VARIABLE = YES;
				LOCALIZATION_PREFERS_STRING_CATALOGS = YES;
				MTL_ENABLE_DEBUG_INFO = INCLUDE_SOURCE;
				MTL_FAST_MATH = YES;
				ONLY_ACTIVE_ARCH = YES;
				SDKROOT = xros;
				SWIFT_ACTIVE_COMPILATION_CONDITIONS = "DEBUG $(inherited)";
				SWIFT_OPTIMIZATION_LEVEL = "-Onone";
				XROS_DEPLOYMENT_TARGET = 1.0;
			};
			name = Debug;
		};
		818B45372AFA7E02002C0C96 /* Release */ = {
			isa = XCBuildConfiguration;
			buildSettings = {
				ALWAYS_SEARCH_USER_PATHS = NO;
				ASSETCATALOG_COMPILER_GENERATE_SWIFT_ASSET_SYMBOL_EXTENSIONS = YES;
				CLANG_ANALYZER_NONNULL = YES;
				CLANG_ANALYZER_NUMBER_OBJECT_CONVERSION = YES_AGGRESSIVE;
				CLANG_CXX_LANGUAGE_STANDARD = "gnu++20";
				CLANG_ENABLE_MODULES = YES;
				CLANG_ENABLE_OBJC_ARC = YES;
				CLANG_ENABLE_OBJC_WEAK = YES;
				CLANG_WARN_BLOCK_CAPTURE_AUTORELEASING = YES;
				CLANG_WARN_BOOL_CONVERSION = YES;
				CLANG_WARN_COMMA = YES;
				CLANG_WARN_CONSTANT_CONVERSION = YES;
				CLANG_WARN_DEPRECATED_OBJC_IMPLEMENTATIONS = YES;
				CLANG_WARN_DIRECT_OBJC_ISA_USAGE = YES_ERROR;
				CLANG_WARN_DOCUMENTATION_COMMENTS = YES;
				CLANG_WARN_EMPTY_BODY = YES;
				CLANG_WARN_ENUM_CONVERSION = YES;
				CLANG_WARN_INFINITE_RECURSION = YES;
				CLANG_WARN_INT_CONVERSION = YES;
				CLANG_WARN_NON_LITERAL_NULL_CONVERSION = YES;
				CLANG_WARN_OBJC_IMPLICIT_RETAIN_SELF = YES;
				CLANG_WARN_OBJC_LITERAL_CONVERSION = YES;
				CLANG_WARN_OBJC_ROOT_CLASS = YES_ERROR;
				CLANG_WARN_QUOTED_INCLUDE_IN_FRAMEWORK_HEADER = YES;
				CLANG_WARN_RANGE_LOOP_ANALYSIS = YES;
				CLANG_WARN_STRICT_PROTOTYPES = YES;
				CLANG_WARN_SUSPICIOUS_MOVE = YES;
				CLANG_WARN_UNGUARDED_AVAILABILITY = YES_AGGRESSIVE;
				CLANG_WARN_UNREACHABLE_CODE = YES;
				CLANG_WARN__DUPLICATE_METHOD_MATCH = YES;
				COPY_PHASE_STRIP = NO;
				DEBUG_INFORMATION_FORMAT = "dwarf-with-dsym";
				ENABLE_NS_ASSERTIONS = NO;
				ENABLE_STRICT_OBJC_MSGSEND = YES;
				ENABLE_USER_SCRIPT_SANDBOXING = YES;
				GCC_C_LANGUAGE_STANDARD = gnu17;
				GCC_NO_COMMON_BLOCKS = YES;
				GCC_WARN_64_TO_32_BIT_CONVERSION = YES;
				GCC_WARN_ABOUT_RETURN_TYPE = YES_ERROR;
				GCC_WARN_UNDECLARED_SELECTOR = YES;
				GCC_WARN_UNINITIALIZED_AUTOS = YES_AGGRESSIVE;
				GCC_WARN_UNUSED_FUNCTION = YES;
				GCC_WARN_UNUSED_VARIABLE = YES;
				LOCALIZATION_PREFERS_STRING_CATALOGS = YES;
				MTL_ENABLE_DEBUG_INFO = NO;
				MTL_FAST_MATH = YES;
				SDKROOT = xros;
				SWIFT_COMPILATION_MODE = wholemodule;
				VALIDATE_PRODUCT = YES;
				XROS_DEPLOYMENT_TARGET = 1.0;
			};
			name = Release;
		};
		818B45392AFA7E02002C0C96 /* Debug */ = {
			isa = XCBuildConfiguration;
			buildSettings = {
				ASSETCATALOG_COMPILER_APPICON_NAME = AppIcon;
				ASSETCATALOG_COMPILER_GLOBAL_ACCENT_COLOR_NAME = AccentColor;
				CODE_SIGN_STYLE = Automatic;
				CURRENT_PROJECT_VERSION = 1;
				DEVELOPMENT_ASSET_PATHS = "\"realtimeSTT/Preview Content\"";
				DEVELOPMENT_TEAM = PM7QCL9W5B;
				ENABLE_PREVIEWS = YES;
				GENERATE_INFOPLIST_FILE = YES;
				INFOPLIST_FILE = "$(TARGET_NAME)/Info.plist";
				INFOPLIST_KEY_NSMotionUsageDescription = "Audio is recorded to transcribe the meeting. Audio recordings are discarded after transcription.";
				INFOPLIST_KEY_NSSpeechRecognitionUsageDescription = "You can view a text transcription of your meeting in the app.";
				LD_RUNPATH_SEARCH_PATHS = (
					"$(inherited)",
					"@executable_path/Frameworks",
				);
				MARKETING_VERSION = 1.0;
				PRODUCT_BUNDLE_IDENTIFIER = poulin.realtimeSTT;
				PRODUCT_NAME = "$(TARGET_NAME)";
				SUPPORTED_PLATFORMS = "xros xrsimulator";
				SWIFT_EMIT_LOC_STRINGS = YES;
				SWIFT_VERSION = 5.0;
				TARGETED_DEVICE_FAMILY = "1,2,7";
			};
			name = Debug;
		};
		818B453A2AFA7E02002C0C96 /* Release */ = {
			isa = XCBuildConfiguration;
			buildSettings = {
				ASSETCATALOG_COMPILER_APPICON_NAME = AppIcon;
				ASSETCATALOG_COMPILER_GLOBAL_ACCENT_COLOR_NAME = AccentColor;
				CODE_SIGN_STYLE = Automatic;
				CURRENT_PROJECT_VERSION = 1;
				DEVELOPMENT_ASSET_PATHS = "\"realtimeSTT/Preview Content\"";
				DEVELOPMENT_TEAM = PM7QCL9W5B;
				ENABLE_PREVIEWS = YES;
				GENERATE_INFOPLIST_FILE = YES;
				INFOPLIST_FILE = "$(TARGET_NAME)/Info.plist";
				INFOPLIST_KEY_NSMotionUsageDescription = "Audio is recorded to transcribe the meeting. Audio recordings are discarded after transcription.";
				INFOPLIST_KEY_NSSpeechRecognitionUsageDescription = "You can view a text transcription of your meeting in the app.";
				LD_RUNPATH_SEARCH_PATHS = (
					"$(inherited)",
					"@executable_path/Frameworks",
				);
				MARKETING_VERSION = 1.0;
				PRODUCT_BUNDLE_IDENTIFIER = poulin.realtimeSTT;
				PRODUCT_NAME = "$(TARGET_NAME)";
				SUPPORTED_PLATFORMS = "xros xrsimulator";
				SWIFT_EMIT_LOC_STRINGS = YES;
				SWIFT_VERSION = 5.0;
				TARGETED_DEVICE_FAMILY = "1,2,7";
			};
			name = Release;
		};
/* End XCBuildConfiguration section */

/* Begin XCConfigurationList section */
		818B451E2AFA7E00002C0C96 /* Build configuration list for PBXProject "realtimeSTT" */ = {
			isa = XCConfigurationList;
			buildConfigurations = (
				818B45362AFA7E02002C0C96 /* Debug */,
				818B45372AFA7E02002C0C96 /* Release */,
			);
			defaultConfigurationIsVisible = 0;
			defaultConfigurationName = Release;
		};
		818B45382AFA7E02002C0C96 /* Build configuration list for PBXNativeTarget "realtimeSTT" */ = {
			isa = XCConfigurationList;
			buildConfigurations = (
				818B45392AFA7E02002C0C96 /* Debug */,
				818B453A2AFA7E02002C0C96 /* Release */,
			);
			defaultConfigurationIsVisible = 0;
			defaultConfigurationName = Release;
		};
/* End XCConfigurationList section */

/* Begin XCSwiftPackageProductDependency section */
		818B45282AFA7E00002C0C96 /* RealityKitContent */ = {
			isa = XCSwiftPackageProductDependency;
			productName = RealityKitContent;
		};
/* End XCSwiftPackageProductDependency section */
	};
	rootObject = 818B451B2AFA7E00002C0C96 /* Project object */;
}
